
Microsoft Visual Studio Solution File, Format Version 12.00
# Visual Studio 15
VisualStudioVersion = 15.0.27130.2003
MinimumVisualStudioVersion = 10.0.40219.1
Project("{FAE04EC0-301F-11D3-BF4B-00C04F79EFBC}") = "Nevitium.Android", "Nevitium\Nevitium.Android\Nevitium.Android.csproj", "{52D3785A-0744-4A9F-B3CE-490AF84C2999}"
EndProject
Project("{9A19103F-16F7-4668-BE54-9A1E7A4F7556}") = "Nevitium", "Nevitium\Nevitium\Nevitium.csproj", "{E6F8E2DE-BF37-4C4A-9F64-81C9FEE0433D}"
EndProject
Project("{FAE04EC0-301F-11D3-BF4B-00C04F79EFBC}") = "Nevitium.UWP", "Nevitium\Nevitium.UWP\Nevitium.UWP.csproj", "{4061C28D-9741-4544-BEF7-40035E6AAFD2}"
EndProject
Project("{FAE04EC0-301F-11D3-BF4B-00C04F79EFBC}") = "Nevitium.iOS", "Nevitium\Nevitium.iOS\Nevitium.iOS.csproj", "{3D45AE5C-2247-4910-9CE9-3288039B7A62}"
EndProject
Project("{FAE04EC0-301F-11D3-BF4B-00C04F79EFBC}") = "Nevitium.Test", "Nevitium\Nevitium.Test\Nevitium.Test.csproj", "{02A1D06F-F90A-4064-A2AC-E74178302E9E}"
EndProject
Global
	GlobalSection(SolutionConfigurationPlatforms) = preSolution
		Ad-Hoc|Any CPU = Ad-Hoc|Any CPU
		Ad-Hoc|ARM = Ad-Hoc|ARM
		Ad-Hoc|iPhone = Ad-Hoc|iPhone
		Ad-Hoc|iPhoneSimulator = Ad-Hoc|iPhoneSimulator
		Ad-Hoc|x64 = Ad-Hoc|x64
		Ad-Hoc|x86 = Ad-Hoc|x86
		AppStore|Any CPU = AppStore|Any CPU
		AppStore|ARM = AppStore|ARM
		AppStore|iPhone = AppStore|iPhone
		AppStore|iPhoneSimulator = AppStore|iPhoneSimulator
		AppStore|x64 = AppStore|x64
		AppStore|x86 = AppStore|x86
		Debug|Any CPU = Debug|Any CPU
		Debug|ARM = Debug|ARM
		Debug|iPhone = Debug|iPhone
		Debug|iPhoneSimulator = Debug|iPhoneSimulator
		Debug|x64 = Debug|x64
		Debug|x86 = Debug|x86
		Release|Any CPU = Release|Any CPU
		Release|ARM = Release|ARM
		Release|iPhone = Release|iPhone
		Release|iPhoneSimulator = Release|iPhoneSimulator
		Release|x64 = Release|x64
		Release|x86 = Release|x86
	EndGlobalSection
	GlobalSection(ProjectConfigurationPlatforms) = postSolution
		{52D3785A-0744-4A9F-B3CE-490AF84C2999}.Ad-Hoc|Any CPU.ActiveCfg = Release|Any CPU
		{52D3785A-0744-4A9F-B3CE-490AF84C2999}.Ad-Hoc|Any CPU.Build.0 = Release|Any CPU
		{52D3785A-0744-4A9F-B3CE-490AF84C2999}.Ad-Hoc|Any CPU.Deploy.0 = Release|Any CPU
		{52D3785A-0744-4A9F-B3CE-490AF84C2999}.Ad-Hoc|ARM.ActiveCfg = Release|Any CPU
		{52D3785A-0744-4A9F-B3CE-490AF84C2999}.Ad-Hoc|ARM.Build.0 = Release|Any CPU
		{52D3785A-0744-4A9F-B3CE-490AF84C2999}.Ad-Hoc|ARM.Deploy.0 = Release|Any CPU
		{52D3785A-0744-4A9F-B3CE-490AF84C2999}.Ad-Hoc|iPhone.ActiveCfg = Release|Any CPU
		{52D3785A-0744-4A9F-B3CE-490AF84C2999}.Ad-Hoc|iPhone.Build.0 = Release|Any CPU
		{52D3785A-0744-4A9F-B3CE-490AF84C2999}.Ad-Hoc|iPhone.Deploy.0 = Release|Any CPU
		{52D3785A-0744-4A9F-B3CE-490AF84C2999}.Ad-Hoc|iPhoneSimulator.ActiveCfg = Release|Any CPU
		{52D3785A-0744-4A9F-B3CE-490AF84C2999}.Ad-Hoc|iPhoneSimulator.Build.0 = Release|Any CPU
		{52D3785A-0744-4A9F-B3CE-490AF84C2999}.Ad-Hoc|iPhoneSimulator.Deploy.0 = Release|Any CPU
		{52D3785A-0744-4A9F-B3CE-490AF84C2999}.Ad-Hoc|x64.ActiveCfg = Release|Any CPU
		{52D3785A-0744-4A9F-B3CE-490AF84C2999}.Ad-Hoc|x64.Build.0 = Release|Any CPU
		{52D3785A-0744-4A9F-B3CE-490AF84C2999}.Ad-Hoc|x64.Deploy.0 = Release|Any CPU
		{52D3785A-0744-4A9F-B3CE-490AF84C2999}.Ad-Hoc|x86.ActiveCfg = Release|Any CPU
		{52D3785A-0744-4A9F-B3CE-490AF84C2999}.Ad-Hoc|x86.Build.0 = Release|Any CPU
		{52D3785A-0744-4A9F-B3CE-490AF84C2999}.Ad-Hoc|x86.Deploy.0 = Release|Any CPU
		{52D3785A-0744-4A9F-B3CE-490AF84C2999}.AppStore|Any CPU.ActiveCfg = Release|Any CPU
		{52D3785A-0744-4A9F-B3CE-490AF84C2999}.AppStore|Any CPU.Build.0 = Release|Any CPU
		{52D3785A-0744-4A9F-B3CE-490AF84C2999}.AppStore|Any CPU.Deploy.0 = Release|Any CPU
		{52D3785A-0744-4A9F-B3CE-490AF84C2999}.AppStore|ARM.ActiveCfg = Release|Any CPU
		{52D3785A-0744-4A9F-B3CE-490AF84C2999}.AppStore|ARM.Build.0 = Release|Any CPU
		{52D3785A-0744-4A9F-B3CE-490AF84C2999}.AppStore|ARM.Deploy.0 = Release|Any CPU
		{52D3785A-0744-4A9F-B3CE-490AF84C2999}.AppStore|iPhone.ActiveCfg = Release|Any CPU
		{52D3785A-0744-4A9F-B3CE-490AF84C2999}.AppStore|iPhone.Build.0 = Release|Any CPU
		{52D3785A-0744-4A9F-B3CE-490AF84C2999}.AppStore|iPhone.Deploy.0 = Release|Any CPU
		{52D3785A-0744-4A9F-B3CE-490AF84C2999}.AppStore|iPhoneSimulator.ActiveCfg = Release|Any CPU
		{52D3785A-0744-4A9F-B3CE-490AF84C2999}.AppStore|iPhoneSimulator.Build.0 = Release|Any CPU
		{52D3785A-0744-4A9F-B3CE-490AF84C2999}.AppStore|iPhoneSimulator.Deploy.0 = Release|Any CPU
		{52D3785A-0744-4A9F-B3CE-490AF84C2999}.AppStore|x64.ActiveCfg = Release|Any CPU
		{52D3785A-0744-4A9F-B3CE-490AF84C2999}.AppStore|x64.Build.0 = Release|Any CPU
		{52D3785A-0744-4A9F-B3CE-490AF84C2999}.AppStore|x64.Deploy.0 = Release|Any CPU
		{52D3785A-0744-4A9F-B3CE-490AF84C2999}.AppStore|x86.ActiveCfg = Release|Any CPU
		{52D3785A-0744-4A9F-B3CE-490AF84C2999}.AppStore|x86.Build.0 = Release|Any CPU
		{52D3785A-0744-4A9F-B3CE-490AF84C2999}.AppStore|x86.Deploy.0 = Release|Any CPU
		{52D3785A-0744-4A9F-B3CE-490AF84C2999}.Debug|Any CPU.ActiveCfg = Debug|Any CPU
		{52D3785A-0744-4A9F-B3CE-490AF84C2999}.Debug|Any CPU.Build.0 = Debug|Any CPU
		{52D3785A-0744-4A9F-B3CE-490AF84C2999}.Debug|Any CPU.Deploy.0 = Debug|Any CPU
		{52D3785A-0744-4A9F-B3CE-490AF84C2999}.Debug|ARM.ActiveCfg = Debug|Any CPU
		{52D3785A-0744-4A9F-B3CE-490AF84C2999}.Debug|ARM.Build.0 = Debug|Any CPU
		{52D3785A-0744-4A9F-B3CE-490AF84C2999}.Debug|ARM.Deploy.0 = Debug|Any CPU
		{52D3785A-0744-4A9F-B3CE-490AF84C2999}.Debug|iPhone.ActiveCfg = Debug|Any CPU
		{52D3785A-0744-4A9F-B3CE-490AF84C2999}.Debug|iPhone.Build.0 = Debug|Any CPU
		{52D3785A-0744-4A9F-B3CE-490AF84C2999}.Debug|iPhone.Deploy.0 = Debug|Any CPU
		{52D3785A-0744-4A9F-B3CE-490AF84C2999}.Debug|iPhoneSimulator.ActiveCfg = Debug|Any CPU
		{52D3785A-0744-4A9F-B3CE-490AF84C2999}.Debug|iPhoneSimulator.Build.0 = Debug|Any CPU
		{52D3785A-0744-4A9F-B3CE-490AF84C2999}.Debug|iPhoneSimulator.Deploy.0 = Debug|Any CPU
		{52D3785A-0744-4A9F-B3CE-490AF84C2999}.Debug|x64.ActiveCfg = Debug|Any CPU
		{52D3785A-0744-4A9F-B3CE-490AF84C2999}.Debug|x64.Build.0 = Debug|Any CPU
		{52D3785A-0744-4A9F-B3CE-490AF84C2999}.Debug|x64.Deploy.0 = Debug|Any CPU
		{52D3785A-0744-4A9F-B3CE-490AF84C2999}.Debug|x86.ActiveCfg = Debug|Any CPU
		{52D3785A-0744-4A9F-B3CE-490AF84C2999}.Debug|x86.Build.0 = Debug|Any CPU
		{52D3785A-0744-4A9F-B3CE-490AF84C2999}.Debug|x86.Deploy.0 = Debug|Any CPU
		{52D3785A-0744-4A9F-B3CE-490AF84C2999}.Release|Any CPU.ActiveCfg = Release|Any CPU
		{52D3785A-0744-4A9F-B3CE-490AF84C2999}.Release|Any CPU.Build.0 = Release|Any CPU
		{52D3785A-0744-4A9F-B3CE-490AF84C2999}.Release|Any CPU.Deploy.0 = Release|Any CPU
		{52D3785A-0744-4A9F-B3CE-490AF84C2999}.Release|ARM.ActiveCfg = Release|Any CPU
		{52D3785A-0744-4A9F-B3CE-490AF84C2999}.Release|ARM.Build.0 = Release|Any CPU
		{52D3785A-0744-4A9F-B3CE-490AF84C2999}.Release|ARM.Deploy.0 = Release|Any CPU
		{52D3785A-0744-4A9F-B3CE-490AF84C2999}.Release|iPhone.ActiveCfg = Release|Any CPU
		{52D3785A-0744-4A9F-B3CE-490AF84C2999}.Release|iPhone.Build.0 = Release|Any CPU
		{52D3785A-0744-4A9F-B3CE-490AF84C2999}.Release|iPhone.Deploy.0 = Release|Any CPU
		{52D3785A-0744-4A9F-B3CE-490AF84C2999}.Release|iPhoneSimulator.ActiveCfg = Release|Any CPU
		{52D3785A-0744-4A9F-B3CE-490AF84C2999}.Release|iPhoneSimulator.Build.0 = Release|Any CPU
		{52D3785A-0744-4A9F-B3CE-490AF84C2999}.Release|iPhoneSimulator.Deploy.0 = Release|Any CPU
		{52D3785A-0744-4A9F-B3CE-490AF84C2999}.Release|x64.ActiveCfg = Release|Any CPU
		{52D3785A-0744-4A9F-B3CE-490AF84C2999}.Release|x64.Build.0 = Release|Any CPU
		{52D3785A-0744-4A9F-B3CE-490AF84C2999}.Release|x64.Deploy.0 = Release|Any CPU
		{52D3785A-0744-4A9F-B3CE-490AF84C2999}.Release|x86.ActiveCfg = Release|Any CPU
		{52D3785A-0744-4A9F-B3CE-490AF84C2999}.Release|x86.Build.0 = Release|Any CPU
		{52D3785A-0744-4A9F-B3CE-490AF84C2999}.Release|x86.Deploy.0 = Release|Any CPU
		{E6F8E2DE-BF37-4C4A-9F64-81C9FEE0433D}.Ad-Hoc|Any CPU.ActiveCfg = Release|Any CPU
		{E6F8E2DE-BF37-4C4A-9F64-81C9FEE0433D}.Ad-Hoc|Any CPU.Build.0 = Release|Any CPU
		{E6F8E2DE-BF37-4C4A-9F64-81C9FEE0433D}.Ad-Hoc|ARM.ActiveCfg = Release|Any CPU
		{E6F8E2DE-BF37-4C4A-9F64-81C9FEE0433D}.Ad-Hoc|ARM.Build.0 = Release|Any CPU
		{E6F8E2DE-BF37-4C4A-9F64-81C9FEE0433D}.Ad-Hoc|iPhone.ActiveCfg = Release|Any CPU
		{E6F8E2DE-BF37-4C4A-9F64-81C9FEE0433D}.Ad-Hoc|iPhone.Build.0 = Release|Any CPU
		{E6F8E2DE-BF37-4C4A-9F64-81C9FEE0433D}.Ad-Hoc|iPhoneSimulator.ActiveCfg = Release|Any CPU
		{E6F8E2DE-BF37-4C4A-9F64-81C9FEE0433D}.Ad-Hoc|iPhoneSimulator.Build.0 = Release|Any CPU
		{E6F8E2DE-BF37-4C4A-9F64-81C9FEE0433D}.Ad-Hoc|x64.ActiveCfg = Release|Any CPU
		{E6F8E2DE-BF37-4C4A-9F64-81C9FEE0433D}.Ad-Hoc|x64.Build.0 = Release|Any CPU
		{E6F8E2DE-BF37-4C4A-9F64-81C9FEE0433D}.Ad-Hoc|x86.ActiveCfg = Release|Any CPU
		{E6F8E2DE-BF37-4C4A-9F64-81C9FEE0433D}.Ad-Hoc|x86.Build.0 = Release|Any CPU
		{E6F8E2DE-BF37-4C4A-9F64-81C9FEE0433D}.AppStore|Any CPU.ActiveCfg = Release|Any CPU
		{E6F8E2DE-BF37-4C4A-9F64-81C9FEE0433D}.AppStore|Any CPU.Build.0 = Release|Any CPU
		{E6F8E2DE-BF37-4C4A-9F64-81C9FEE0433D}.AppStore|ARM.ActiveCfg = Release|Any CPU
		{E6F8E2DE-BF37-4C4A-9F64-81C9FEE0433D}.AppStore|ARM.Build.0 = Release|Any CPU
		{E6F8E2DE-BF37-4C4A-9F64-81C9FEE0433D}.AppStore|iPhone.ActiveCfg = Release|Any CPU
		{E6F8E2DE-BF37-4C4A-9F64-81C9FEE0433D}.AppStore|iPhone.Build.0 = Release|Any CPU
		{E6F8E2DE-BF37-4C4A-9F64-81C9FEE0433D}.AppStore|iPhoneSimulator.ActiveCfg = Release|Any CPU
		{E6F8E2DE-BF37-4C4A-9F64-81C9FEE0433D}.AppStore|iPhoneSimulator.Build.0 = Release|Any CPU
		{E6F8E2DE-BF37-4C4A-9F64-81C9FEE0433D}.AppStore|x64.ActiveCfg = Release|Any CPU
		{E6F8E2DE-BF37-4C4A-9F64-81C9FEE0433D}.AppStore|x64.Build.0 = Release|Any CPU
		{E6F8E2DE-BF37-4C4A-9F64-81C9FEE0433D}.AppStore|x86.ActiveCfg = Release|Any CPU
		{E6F8E2DE-BF37-4C4A-9F64-81C9FEE0433D}.AppStore|x86.Build.0 = Release|Any CPU
		{E6F8E2DE-BF37-4C4A-9F64-81C9FEE0433D}.Debug|Any CPU.ActiveCfg = Debug|Any CPU
		{E6F8E2DE-BF37-4C4A-9F64-81C9FEE0433D}.Debug|Any CPU.Build.0 = Debug|Any CPU
		{E6F8E2DE-BF37-4C4A-9F64-81C9FEE0433D}.Debug|ARM.ActiveCfg = Debug|Any CPU
		{E6F8E2DE-BF37-4C4A-9F64-81C9FEE0433D}.Debug|ARM.Build.0 = Debug|Any CPU
		{E6F8E2DE-BF37-4C4A-9F64-81C9FEE0433D}.Debug|iPhone.ActiveCfg = Debug|Any CPU
		{E6F8E2DE-BF37-4C4A-9F64-81C9FEE0433D}.Debug|iPhone.Build.0 = Debug|Any CPU
		{E6F8E2DE-BF37-4C4A-9F64-81C9FEE0433D}.Debug|iPhoneSimulator.ActiveCfg = Debug|Any CPU
		{E6F8E2DE-BF37-4C4A-9F64-81C9FEE0433D}.Debug|iPhoneSimulator.Build.0 = Debug|Any CPU
		{E6F8E2DE-BF37-4C4A-9F64-81C9FEE0433D}.Debug|x64.ActiveCfg = Debug|Any CPU
		{E6F8E2DE-BF37-4C4A-9F64-81C9FEE0433D}.Debug|x64.Build.0 = Debug|Any CPU
		{E6F8E2DE-BF37-4C4A-9F64-81C9FEE0433D}.Debug|x86.ActiveCfg = Debug|Any CPU
		{E6F8E2DE-BF37-4C4A-9F64-81C9FEE0433D}.Debug|x86.Build.0 = Debug|Any CPU
		{E6F8E2DE-BF37-4C4A-9F64-81C9FEE0433D}.Release|Any CPU.ActiveCfg = Release|Any CPU
		{E6F8E2DE-BF37-4C4A-9F64-81C9FEE0433D}.Release|Any CPU.Build.0 = Release|Any CPU
		{E6F8E2DE-BF37-4C4A-9F64-81C9FEE0433D}.Release|ARM.ActiveCfg = Release|Any CPU
		{E6F8E2DE-BF37-4C4A-9F64-81C9FEE0433D}.Release|ARM.Build.0 = Release|Any CPU
		{E6F8E2DE-BF37-4C4A-9F64-81C9FEE0433D}.Release|iPhone.ActiveCfg = Release|Any CPU
		{E6F8E2DE-BF37-4C4A-9F64-81C9FEE0433D}.Release|iPhone.Build.0 = Release|Any CPU
		{E6F8E2DE-BF37-4C4A-9F64-81C9FEE0433D}.Release|iPhoneSimulator.ActiveCfg = Release|Any CPU
		{E6F8E2DE-BF37-4C4A-9F64-81C9FEE0433D}.Release|iPhoneSimulator.Build.0 = Release|Any CPU
		{E6F8E2DE-BF37-4C4A-9F64-81C9FEE0433D}.Release|x64.ActiveCfg = Release|Any CPU
		{E6F8E2DE-BF37-4C4A-9F64-81C9FEE0433D}.Release|x64.Build.0 = Release|Any CPU
		{E6F8E2DE-BF37-4C4A-9F64-81C9FEE0433D}.Release|x86.ActiveCfg = Release|Any CPU
		{E6F8E2DE-BF37-4C4A-9F64-81C9FEE0433D}.Release|x86.Build.0 = Release|Any CPU
		{4061C28D-9741-4544-BEF7-40035E6AAFD2}.Ad-Hoc|Any CPU.ActiveCfg = Release|x86
		{4061C28D-9741-4544-BEF7-40035E6AAFD2}.Ad-Hoc|Any CPU.Build.0 = Release|x86
		{4061C28D-9741-4544-BEF7-40035E6AAFD2}.Ad-Hoc|Any CPU.Deploy.0 = Release|x86
		{4061C28D-9741-4544-BEF7-40035E6AAFD2}.Ad-Hoc|ARM.ActiveCfg = Release|ARM
		{4061C28D-9741-4544-BEF7-40035E6AAFD2}.Ad-Hoc|ARM.Build.0 = Release|ARM
		{4061C28D-9741-4544-BEF7-40035E6AAFD2}.Ad-Hoc|ARM.Deploy.0 = Release|ARM
		{4061C28D-9741-4544-BEF7-40035E6AAFD2}.Ad-Hoc|iPhone.ActiveCfg = Release|x86
		{4061C28D-9741-4544-BEF7-40035E6AAFD2}.Ad-Hoc|iPhone.Build.0 = Release|x86
		{4061C28D-9741-4544-BEF7-40035E6AAFD2}.Ad-Hoc|iPhone.Deploy.0 = Release|x86
		{4061C28D-9741-4544-BEF7-40035E6AAFD2}.Ad-Hoc|iPhoneSimulator.ActiveCfg = Release|x86
		{4061C28D-9741-4544-BEF7-40035E6AAFD2}.Ad-Hoc|iPhoneSimulator.Build.0 = Release|x86
		{4061C28D-9741-4544-BEF7-40035E6AAFD2}.Ad-Hoc|iPhoneSimulator.Deploy.0 = Release|x86
		{4061C28D-9741-4544-BEF7-40035E6AAFD2}.Ad-Hoc|x64.ActiveCfg = Release|x64
		{4061C28D-9741-4544-BEF7-40035E6AAFD2}.Ad-Hoc|x64.Build.0 = Release|x64
		{4061C28D-9741-4544-BEF7-40035E6AAFD2}.Ad-Hoc|x64.Deploy.0 = Release|x64
		{4061C28D-9741-4544-BEF7-40035E6AAFD2}.Ad-Hoc|x86.ActiveCfg = Release|x86
		{4061C28D-9741-4544-BEF7-40035E6AAFD2}.Ad-Hoc|x86.Build.0 = Release|x86
		{4061C28D-9741-4544-BEF7-40035E6AAFD2}.Ad-Hoc|x86.Deploy.0 = Release|x86
		{4061C28D-9741-4544-BEF7-40035E6AAFD2}.AppStore|Any CPU.ActiveCfg = Release|x86
		{4061C28D-9741-4544-BEF7-40035E6AAFD2}.AppStore|Any CPU.Build.0 = Release|x86
		{4061C28D-9741-4544-BEF7-40035E6AAFD2}.AppStore|Any CPU.Deploy.0 = Release|x86
		{4061C28D-9741-4544-BEF7-40035E6AAFD2}.AppStore|ARM.ActiveCfg = Release|ARM
		{4061C28D-9741-4544-BEF7-40035E6AAFD2}.AppStore|ARM.Build.0 = Release|ARM
		{4061C28D-9741-4544-BEF7-40035E6AAFD2}.AppStore|ARM.Deploy.0 = Release|ARM
		{4061C28D-9741-4544-BEF7-40035E6AAFD2}.AppStore|iPhone.ActiveCfg = Release|x86
		{4061C28D-9741-4544-BEF7-40035E6AAFD2}.AppStore|iPhone.Build.0 = Release|x86
		{4061C28D-9741-4544-BEF7-40035E6AAFD2}.AppStore|iPhone.Deploy.0 = Release|x86
		{4061C28D-9741-4544-BEF7-40035E6AAFD2}.AppStore|iPhoneSimulator.ActiveCfg = Release|x86
		{4061C28D-9741-4544-BEF7-40035E6AAFD2}.AppStore|iPhoneSimulator.Build.0 = Release|x86
		{4061C28D-9741-4544-BEF7-40035E6AAFD2}.AppStore|iPhoneSimulator.Deploy.0 = Release|x86
		{4061C28D-9741-4544-BEF7-40035E6AAFD2}.AppStore|x64.ActiveCfg = Release|x64
		{4061C28D-9741-4544-BEF7-40035E6AAFD2}.AppStore|x64.Build.0 = Release|x64
		{4061C28D-9741-4544-BEF7-40035E6AAFD2}.AppStore|x64.Deploy.0 = Release|x64
		{4061C28D-9741-4544-BEF7-40035E6AAFD2}.AppStore|x86.ActiveCfg = Release|x86
		{4061C28D-9741-4544-BEF7-40035E6AAFD2}.AppStore|x86.Build.0 = Release|x86
		{4061C28D-9741-4544-BEF7-40035E6AAFD2}.AppStore|x86.Deploy.0 = Release|x86
		{4061C28D-9741-4544-BEF7-40035E6AAFD2}.Debug|Any CPU.ActiveCfg = Debug|x86
		{4061C28D-9741-4544-BEF7-40035E6AAFD2}.Debug|Any CPU.Build.0 = Debug|x86
		{4061C28D-9741-4544-BEF7-40035E6AAFD2}.Debug|Any CPU.Deploy.0 = Debug|x86
		{4061C28D-9741-4544-BEF7-40035E6AAFD2}.Debug|ARM.ActiveCfg = Debug|ARM
		{4061C28D-9741-4544-BEF7-40035E6AAFD2}.Debug|ARM.Build.0 = Debug|ARM
		{4061C28D-9741-4544-BEF7-40035E6AAFD2}.Debug|ARM.Deploy.0 = Debug|ARM
		{4061C28D-9741-4544-BEF7-40035E6AAFD2}.Debug|iPhone.ActiveCfg = Debug|x86
		{4061C28D-9741-4544-BEF7-40035E6AAFD2}.Debug|iPhoneSimulator.ActiveCfg = Debug|x86
		{4061C28D-9741-4544-BEF7-40035E6AAFD2}.Debug|x64.ActiveCfg = Debug|x64
		{4061C28D-9741-4544-BEF7-40035E6AAFD2}.Debug|x64.Build.0 = Debug|x64
		{4061C28D-9741-4544-BEF7-40035E6AAFD2}.Debug|x64.Deploy.0 = Debug|x64
		{4061C28D-9741-4544-BEF7-40035E6AAFD2}.Debug|x86.ActiveCfg = Debug|x86
		{4061C28D-9741-4544-BEF7-40035E6AAFD2}.Debug|x86.Build.0 = Debug|x86
		{4061C28D-9741-4544-BEF7-40035E6AAFD2}.Debug|x86.Deploy.0 = Debug|x86
		{4061C28D-9741-4544-BEF7-40035E6AAFD2}.Release|Any CPU.ActiveCfg = Release|x86
		{4061C28D-9741-4544-BEF7-40035E6AAFD2}.Release|ARM.ActiveCfg = Release|ARM
		{4061C28D-9741-4544-BEF7-40035E6AAFD2}.Release|ARM.Build.0 = Release|ARM
		{4061C28D-9741-4544-BEF7-40035E6AAFD2}.Release|ARM.Deploy.0 = Release|ARM
		{4061C28D-9741-4544-BEF7-40035E6AAFD2}.Release|iPhone.ActiveCfg = Release|x86
		{4061C28D-9741-4544-BEF7-40035E6AAFD2}.Release|iPhoneSimulator.ActiveCfg = Release|x86
		{4061C28D-9741-4544-BEF7-40035E6AAFD2}.Release|x64.ActiveCfg = Release|x64
		{4061C28D-9741-4544-BEF7-40035E6AAFD2}.Release|x64.Build.0 = Release|x64
		{4061C28D-9741-4544-BEF7-40035E6AAFD2}.Release|x64.Deploy.0 = Release|x64
		{4061C28D-9741-4544-BEF7-40035E6AAFD2}.Release|x86.ActiveCfg = Release|x86
		{4061C28D-9741-4544-BEF7-40035E6AAFD2}.Release|x86.Build.0 = Release|x86
		{4061C28D-9741-4544-BEF7-40035E6AAFD2}.Release|x86.Deploy.0 = Release|x86
		{3D45AE5C-2247-4910-9CE9-3288039B7A62}.Ad-Hoc|Any CPU.ActiveCfg = Ad-Hoc|iPhoneSimulator
		{3D45AE5C-2247-4910-9CE9-3288039B7A62}.Ad-Hoc|ARM.ActiveCfg = Ad-Hoc|iPhone
		{3D45AE5C-2247-4910-9CE9-3288039B7A62}.Ad-Hoc|iPhone.ActiveCfg = Ad-Hoc|iPhone
		{3D45AE5C-2247-4910-9CE9-3288039B7A62}.Ad-Hoc|iPhone.Build.0 = Ad-Hoc|iPhone
		{3D45AE5C-2247-4910-9CE9-3288039B7A62}.Ad-Hoc|iPhoneSimulator.ActiveCfg = Ad-Hoc|iPhoneSimulator
		{3D45AE5C-2247-4910-9CE9-3288039B7A62}.Ad-Hoc|iPhoneSimulator.Build.0 = Ad-Hoc|iPhoneSimulator
		{3D45AE5C-2247-4910-9CE9-3288039B7A62}.Ad-Hoc|x64.ActiveCfg = Ad-Hoc|iPhone
		{3D45AE5C-2247-4910-9CE9-3288039B7A62}.Ad-Hoc|x86.ActiveCfg = Ad-Hoc|iPhone
		{3D45AE5C-2247-4910-9CE9-3288039B7A62}.AppStore|Any CPU.ActiveCfg = AppStore|iPhoneSimulator
		{3D45AE5C-2247-4910-9CE9-3288039B7A62}.AppStore|ARM.ActiveCfg = AppStore|iPhone
		{3D45AE5C-2247-4910-9CE9-3288039B7A62}.AppStore|iPhone.ActiveCfg = AppStore|iPhone
		{3D45AE5C-2247-4910-9CE9-3288039B7A62}.AppStore|iPhone.Build.0 = AppStore|iPhone
		{3D45AE5C-2247-4910-9CE9-3288039B7A62}.AppStore|iPhoneSimulator.ActiveCfg = AppStore|iPhoneSimulator
		{3D45AE5C-2247-4910-9CE9-3288039B7A62}.AppStore|iPhoneSimulator.Build.0 = AppStore|iPhoneSimulator
		{3D45AE5C-2247-4910-9CE9-3288039B7A62}.AppStore|x64.ActiveCfg = AppStore|iPhone
		{3D45AE5C-2247-4910-9CE9-3288039B7A62}.AppStore|x86.ActiveCfg = AppStore|iPhone
		{3D45AE5C-2247-4910-9CE9-3288039B7A62}.Debug|Any CPU.ActiveCfg = Debug|iPhoneSimulator
		{3D45AE5C-2247-4910-9CE9-3288039B7A62}.Debug|ARM.ActiveCfg = Debug|iPhone
		{3D45AE5C-2247-4910-9CE9-3288039B7A62}.Debug|iPhone.ActiveCfg = Debug|iPhone
		{3D45AE5C-2247-4910-9CE9-3288039B7A62}.Debug|iPhone.Build.0 = Debug|iPhone
		{3D45AE5C-2247-4910-9CE9-3288039B7A62}.Debug|iPhoneSimulator.ActiveCfg = Debug|iPhoneSimulator
		{3D45AE5C-2247-4910-9CE9-3288039B7A62}.Debug|iPhoneSimulator.Build.0 = Debug|iPhoneSimulator
		{3D45AE5C-2247-4910-9CE9-3288039B7A62}.Debug|x64.ActiveCfg = Debug|iPhone
		{3D45AE5C-2247-4910-9CE9-3288039B7A62}.Debug|x86.ActiveCfg = Debug|iPhone
		{3D45AE5C-2247-4910-9CE9-3288039B7A62}.Release|Any CPU.ActiveCfg = Release|iPhoneSimulator
		{3D45AE5C-2247-4910-9CE9-3288039B7A62}.Release|ARM.ActiveCfg = Release|iPhone
		{3D45AE5C-2247-4910-9CE9-3288039B7A62}.Release|iPhone.ActiveCfg = Release|iPhone
		{3D45AE5C-2247-4910-9CE9-3288039B7A62}.Release|iPhone.Build.0 = Release|iPhone
		{3D45AE5C-2247-4910-9CE9-3288039B7A62}.Release|iPhoneSimulator.ActiveCfg = Release|iPhoneSimulator
		{3D45AE5C-2247-4910-9CE9-3288039B7A62}.Release|iPhoneSimulator.Build.0 = Release|iPhoneSimulator
		{3D45AE5C-2247-4910-9CE9-3288039B7A62}.Release|x64.ActiveCfg = Release|iPhone
		{3D45AE5C-2247-4910-9CE9-3288039B7A62}.Release|x86.ActiveCfg = Release|iPhone
		{02A1D06F-F90A-4064-A2AC-E74178302E9E}.Ad-Hoc|Any CPU.ActiveCfg = Release|Any CPU
		{02A1D06F-F90A-4064-A2AC-E74178302E9E}.Ad-Hoc|Any CPU.Build.0 = Release|Any CPU
		{02A1D06F-F90A-4064-A2AC-E74178302E9E}.Ad-Hoc|ARM.ActiveCfg = Release|Any CPU
		{02A1D06F-F90A-4064-A2AC-E74178302E9E}.Ad-Hoc|ARM.Build.0 = Release|Any CPU
		{02A1D06F-F90A-4064-A2AC-E74178302E9E}.Ad-Hoc|iPhone.ActiveCfg = Release|Any CPU
		{02A1D06F-F90A-4064-A2AC-E74178302E9E}.Ad-Hoc|iPhone.Build.0 = Release|Any CPU
		{02A1D06F-F90A-4064-A2AC-E74178302E9E}.Ad-Hoc|iPhoneSimulator.ActiveCfg = Release|Any CPU
		{02A1D06F-F90A-4064-A2AC-E74178302E9E}.Ad-Hoc|iPhoneSimulator.Build.0 = Release|Any CPU
		{02A1D06F-F90A-4064-A2AC-E74178302E9E}.Ad-Hoc|x64.ActiveCfg = Release|Any CPU
		{02A1D06F-F90A-4064-A2AC-E74178302E9E}.Ad-Hoc|x64.Build.0 = Release|Any CPU
		{02A1D06F-F90A-4064-A2AC-E74178302E9E}.Ad-Hoc|x86.ActiveCfg = Release|Any CPU
		{02A1D06F-F90A-4064-A2AC-E74178302E9E}.Ad-Hoc|x86.Build.0 = Release|Any CPU
		{02A1D06F-F90A-4064-A2AC-E74178302E9E}.AppStore|Any CPU.ActiveCfg = Release|Any CPU
		{02A1D06F-F90A-4064-A2AC-E74178302E9E}.AppStore|Any CPU.Build.0 = Release|Any CPU
		{02A1D06F-F90A-4064-A2AC-E74178302E9E}.AppStore|ARM.ActiveCfg = Release|Any CPU
		{02A1D06F-F90A-4064-A2AC-E74178302E9E}.AppStore|ARM.Build.0 = Release|Any CPU
		{02A1D06F-F90A-4064-A2AC-E74178302E9E}.AppStore|iPhone.ActiveCfg = Release|Any CPU
		{02A1D06F-F90A-4064-A2AC-E74178302E9E}.AppStore|iPhone.Build.0 = Release|Any CPU
		{02A1D06F-F90A-4064-A2AC-E74178302E9E}.AppStore|iPhoneSimulator.ActiveCfg = Release|Any CPU
		{02A1D06F-F90A-4064-A2AC-E74178302E9E}.AppStore|iPhoneSimulator.Build.0 = Release|Any CPU
		{02A1D06F-F90A-4064-A2AC-E74178302E9E}.AppStore|x64.ActiveCfg = Release|Any CPU
		{02A1D06F-F90A-4064-A2AC-E74178302E9E}.AppStore|x64.Build.0 = Release|Any CPU
		{02A1D06F-F90A-4064-A2AC-E74178302E9E}.AppStore|x86.ActiveCfg = Release|Any CPU
		{02A1D06F-F90A-4064-A2AC-E74178302E9E}.AppStore|x86.Build.0 = Release|Any CPU
		{02A1D06F-F90A-4064-A2AC-E74178302E9E}.Debug|Any CPU.ActiveCfg = Debug|Any CPU
		{02A1D06F-F90A-4064-A2AC-E74178302E9E}.Debug|Any CPU.Build.0 = Debug|Any CPU
		{02A1D06F-F90A-4064-A2AC-E74178302E9E}.Debug|ARM.ActiveCfg = Debug|Any CPU
		{02A1D06F-F90A-4064-A2AC-E74178302E9E}.Debug|ARM.Build.0 = Debug|Any CPU
		{02A1D06F-F90A-4064-A2AC-E74178302E9E}.Debug|iPhone.ActiveCfg = Debug|Any CPU
		{02A1D06F-F90A-4064-A2AC-E74178302E9E}.Debug|iPhone.Build.0 = Debug|Any CPU
		{02A1D06F-F90A-4064-A2AC-E74178302E9E}.Debug|iPhoneSimulator.ActiveCfg = Debug|Any CPU
		{02A1D06F-F90A-4064-A2AC-E74178302E9E}.Debug|iPhoneSimulator.Build.0 = Debug|Any CPU
		{02A1D06F-F90A-4064-A2AC-E74178302E9E}.Debug|x64.ActiveCfg = Debug|Any CPU
		{02A1D06F-F90A-4064-A2AC-E74178302E9E}.Debug|x64.Build.0 = Debug|Any CPU
		{02A1D06F-F90A-4064-A2AC-E74178302E9E}.Debug|x86.ActiveCfg = Debug|Any CPU
		{02A1D06F-F90A-4064-A2AC-E74178302E9E}.Debug|x86.Build.0 = Debug|Any CPU
		{02A1D06F-F90A-4064-A2AC-E74178302E9E}.Release|Any CPU.ActiveCfg = Release|Any CPU
		{02A1D06F-F90A-4064-A2AC-E74178302E9E}.Release|Any CPU.Build.0 = Release|Any CPU
		{02A1D06F-F90A-4064-A2AC-E74178302E9E}.Release|ARM.ActiveCfg = Release|Any CPU
		{02A1D06F-F90A-4064-A2AC-E74178302E9E}.Release|ARM.Build.0 = Release|Any CPU
		{02A1D06F-F90A-4064-A2AC-E74178302E9E}.Release|iPhone.ActiveCfg = Release|Any CPU
		{02A1D06F-F90A-4064-A2AC-E74178302E9E}.Release|iPhone.Build.0 = Release|Any CPU
		{02A1D06F-F90A-4064-A2AC-E74178302E9E}.Release|iPhoneSimulator.ActiveCfg = Release|Any CPU
		{02A1D06F-F90A-4064-A2AC-E74178302E9E}.Release|iPhoneSimulator.Build.0 = Release|Any CPU
		{02A1D06F-F90A-4064-A2AC-E74178302E9E}.Release|x64.ActiveCfg = Release|Any CPU
		{02A1D06F-F90A-4064-A2AC-E74178302E9E}.Release|x64.Build.0 = Release|Any CPU
		{02A1D06F-F90A-4064-A2AC-E74178302E9E}.Release|x86.ActiveCfg = Release|Any CPU
		{02A1D06F-F90A-4064-A2AC-E74178302E9E}.Release|x86.Build.0 = Release|Any CPU
	EndGlobalSection
	GlobalSection(SolutionProperties) = preSolution
		HideSolutionNode = FALSE
	EndGlobalSection
	GlobalSection(ExtensibilityGlobals) = postSolution
		SolutionGuid = {56E2C0FF-9FD4-4941-B857-3E03E3CA5C4D}
	EndGlobalSection
EndGlobal
